// !$*UTF8*$!
{
	archiveVersion = 1;
	classes = {
	};
	objectVersion = 46;
	objects = {

/* Begin PBXBuildFile section */
		040650881D5D050A00B7D415 /* AppDelegate.swift in Sources */ = {isa = PBXBuildFile; fileRef = 040650871D5D050A00B7D415 /* AppDelegate.swift */; };
		0406508D1D5D050A00B7D415 /* Main.storyboard in Resources */ = {isa = PBXBuildFile; fileRef = 0406508B1D5D050A00B7D415 /* Main.storyboard */; };
		0406508F1D5D050A00B7D415 /* Assets.xcassets in Resources */ = {isa = PBXBuildFile; fileRef = 0406508E1D5D050A00B7D415 /* Assets.xcassets */; };
		040650921D5D050A00B7D415 /* LaunchScreen.storyboard in Resources */ = {isa = PBXBuildFile; fileRef = 040650901D5D050A00B7D415 /* LaunchScreen.storyboard */; };
		0418E5231D63CECA00F2C805 /* FontListViewController.swift in Sources */ = {isa = PBXBuildFile; fileRef = 0418E5221D63CECA00F2C805 /* FontListViewController.swift */; };
		0461BE581D661FE200845A37 /* FontSizesViewController.swift in Sources */ = {isa = PBXBuildFile; fileRef = 0461BE571D661FE200845A37 /* FontSizesViewController.swift */; };
		0463D46E1D67C33F00BCFF43 /* FontInfoViewCotroller.swift in Sources */ = {isa = PBXBuildFile; fileRef = 0463D46D1D67C33F00BCFF43 /* FontInfoViewCotroller.swift */; };
		04DD7AB91D5DC83600CECAA3 /* FavoritesList.swift in Sources */ = {isa = PBXBuildFile; fileRef = 04DD7AB81D5DC83600CECAA3 /* FavoritesList.swift */; };
		04DD7ABB1D5DCE1900CECAA3 /* RootViewController.swift in Sources */ = {isa = PBXBuildFile; fileRef = 04DD7ABA1D5DCE1900CECAA3 /* RootViewController.swift */; };
/* End PBXBuildFile section */

/* Begin PBXFileReference section */
		040650841D5D050A00B7D415 /* FontApp.app */ = {isa = PBXFileReference; explicitFileType = wrapper.application; includeInIndex = 0; path = FontApp.app; sourceTree = BUILT_PRODUCTS_DIR; };
		040650871D5D050A00B7D415 /* AppDelegate.swift */ = {isa = PBXFileReference; lastKnownFileType = sourcecode.swift; path = AppDelegate.swift; sourceTree = "<group>"; };
		0406508C1D5D050A00B7D415 /* Base */ = {isa = PBXFileReference; lastKnownFileType = file.storyboard; name = Base; path = Base.lproj/Main.storyboard; sourceTree = "<group>"; };
		0406508E1D5D050A00B7D415 /* Assets.xcassets */ = {isa = PBXFileReference; lastKnownFileType = folder.assetcatalog; path = Assets.xcassets; sourceTree = "<group>"; };
		040650911D5D050A00B7D415 /* Base */ = {isa = PBXFileReference; lastKnownFileType = file.storyboard; name = Base; path = Base.lproj/LaunchScreen.storyboard; sourceTree = "<group>"; };
		040650931D5D050A00B7D415 /* Info.plist */ = {isa = PBXFileReference; lastKnownFileType = text.plist.xml; path = Info.plist; sourceTree = "<group>"; };
		0418E5221D63CECA00F2C805 /* FontListViewController.swift */ = {isa = PBXFileReference; fileEncoding = 4; lastKnownFileType = sourcecode.swift; path = FontListViewController.swift; sourceTree = "<group>"; };
		0461BE571D661FE200845A37 /* FontSizesViewController.swift */ = {isa = PBXFileReference; fileEncoding = 4; lastKnownFileType = sourcecode.swift; path = FontSizesViewController.swift; sourceTree = "<group>"; };
		0463D46D1D67C33F00BCFF43 /* FontInfoViewCotroller.swift */ = {isa = PBXFileReference; fileEncoding = 4; lastKnownFileType = sourcecode.swift; path = FontInfoViewCotroller.swift; sourceTree = "<group>"; };
		04DD7AB81D5DC83600CECAA3 /* FavoritesList.swift */ = {isa = PBXFileReference; fileEncoding = 4; lastKnownFileType = sourcecode.swift; path = FavoritesList.swift; sourceTree = "<group>"; };
		04DD7ABA1D5DCE1900CECAA3 /* RootViewController.swift */ = {isa = PBXFileReference; fileEncoding = 4; lastKnownFileType = sourcecode.swift; path = RootViewController.swift; sourceTree = "<group>"; };
/* End PBXFileReference section */

/* Begin PBXFrameworksBuildPhase section */
		040650811D5D050A00B7D415 /* Frameworks */ = {
			isa = PBXFrameworksBuildPhase;
			buildActionMask = 2147483647;
			files = (
			);
			runOnlyForDeploymentPostprocessing = 0;
		};
/* End PBXFrameworksBuildPhase section */

/* Begin PBXGroup section */
		0406507B1D5D050A00B7D415 = {
			isa = PBXGroup;
			children = (
				040650861D5D050A00B7D415 /* FontApp */,
				040650851D5D050A00B7D415 /* Products */,
			);
			sourceTree = "<group>";
		};
		040650851D5D050A00B7D415 /* Products */ = {
			isa = PBXGroup;
			children = (
				040650841D5D050A00B7D415 /* FontApp.app */,
			);
			name = Products;
			sourceTree = "<group>";
		};
		040650861D5D050A00B7D415 /* FontApp */ = {
			isa = PBXGroup;
			children = (
				040650871D5D050A00B7D415 /* AppDelegate.swift */,
				0406508B1D5D050A00B7D415 /* Main.storyboard */,
				0406508E1D5D050A00B7D415 /* Assets.xcassets */,
				040650901D5D050A00B7D415 /* LaunchScreen.storyboard */,
				040650931D5D050A00B7D415 /* Info.plist */,
				04DD7AB81D5DC83600CECAA3 /* FavoritesList.swift */,
				04DD7ABA1D5DCE1900CECAA3 /* RootViewController.swift */,
				0418E5221D63CECA00F2C805 /* FontListViewController.swift */,
				0461BE571D661FE200845A37 /* FontSizesViewController.swift */,
				0463D46D1D67C33F00BCFF43 /* FontInfoViewCotroller.swift */,
			);
			path = FontApp;
			sourceTree = "<group>";
		};
/* End PBXGroup section */

/* Begin PBXNativeTarget section */
		040650831D5D050A00B7D415 /* FontApp */ = {
			isa = PBXNativeTarget;
			buildConfigurationList = 040650961D5D050A00B7D415 /* Build configuration list for PBXNativeTarget "FontApp" */;
			buildPhases = (
				040650801D5D050A00B7D415 /* Sources */,
				040650811D5D050A00B7D415 /* Frameworks */,
				040650821D5D050A00B7D415 /* Resources */,
			);
			buildRules = (
			);
			dependencies = (
			);
			name = FontApp;
			productName = FontApp;
			productReference = 040650841D5D050A00B7D415 /* FontApp.app */;
			productType = "com.apple.product-type.application";
		};
/* End PBXNativeTarget section */

/* Begin PBXProject section */
		0406507C1D5D050A00B7D415 /* Project object */ = {
			isa = PBXProject;
			attributes = {
				LastSwiftUpdateCheck = 0730;
				LastUpgradeCheck = 0730;
				ORGANIZATIONNAME = Danya;
				TargetAttributes = {
					040650831D5D050A00B7D415 = {
						CreatedOnToolsVersion = 7.3.1;
						DevelopmentTeam = WS6E9RG8BG;
					};
				};
			};
			buildConfigurationList = 0406507F1D5D050A00B7D415 /* Build configuration list for PBXProject "FontApp" */;
			compatibilityVersion = "Xcode 3.2";
			developmentRegion = English;
			hasScannedForEncodings = 0;
			knownRegions = (
				en,
				Base,
			);
			mainGroup = 0406507B1D5D050A00B7D415;
			productRefGroup = 040650851D5D050A00B7D415 /* Products */;
			projectDirPath = "";
			projectRoot = "";
			targets = (
				040650831D5D050A00B7D415 /* FontApp */,
			);
		};
/* End PBXProject section */

/* Begin PBXResourcesBuildPhase section */
		040650821D5D050A00B7D415 /* Resources */ = {
			isa = PBXResourcesBuildPhase;
			buildActionMask = 2147483647;
			files = (
				040650921D5D050A00B7D415 /* LaunchScreen.storyboard in Resources */,
				0406508F1D5D050A00B7D415 /* Assets.xcassets in Resources */,
				0406508D1D5D050A00B7D415 /* Main.storyboard in Resources */,
			);
			runOnlyForDeploymentPostprocessing = 0;
		};
/* End PBXResourcesBuildPhase section */

/* Begin PBXSourcesBuildPhase section */
		040650801D5D050A00B7D415 /* Sources */ = {
			isa = PBXSourcesBuildPhase;
			buildActionMask = 2147483647;
			files = (
				040650881D5D050A00B7D415 /* AppDelegate.swift in Sources */,
				0418E5231D63CECA00F2C805 /* FontListViewController.swift in Sources */,
				0463D46E1D67C33F00BCFF43 /* FontInfoViewCotroller.swift in Sources */,
				04DD7AB91D5DC83600CECAA3 /* FavoritesList.swift in Sources */,
				0461BE581D661FE200845A37 /* FontSizesViewController.swift in Sources */,
				04DD7ABB1D5DCE1900CECAA3 /* RootViewController.swift in Sources */,
			);
			runOnlyForDeploymentPostprocessing = 0;
		};
/* End PBXSourcesBuildPhase section */

/* Begin PBXVariantGroup section */
		0406508B1D5D050A00B7D415 /* Main.storyboard */ = {
			isa = PBXVariantGroup;
			children = (
				0406508C1D5D050A00B7D415 /* Base */,
			);
			name = Main.storyboard;
			sourceTree = "<group>";
		};
		040650901D5D050A00B7D415 /* LaunchScreen.storyboard */ = {
			isa = PBXVariantGroup;
			children = (
				040650911D5D050A00B7D415 /* Base */,
			);
			name = LaunchScreen.storyboard;
			sourceTree = "<group>";
		};
/* End PBXVariantGroup section */

/* Begin XCBuildConfiguration section */
		040650941D5D050A00B7D415 /* Debug */ = {
			isa = XCBuildConfiguration;
			buildSettings = {
				ALWAYS_SEARCH_USER_PATHS = NO;
				CLANG_ANALYZER_NONNULL = YES;
				CLANG_CXX_LANGUAGE_STANDARD = "gnu++0x";
				CLANG_CXX_LIBRARY = "libc++";
				CLANG_ENABLE_MODULES = YES;
				CLANG_ENABLE_OBJC_ARC = YES;
				CLANG_WARN_BOOL_CONVERSION = YES;
				CLANG_WARN_CONSTANT_CONVERSION = YES;
				CLANG_WARN_DIRECT_OBJC_ISA_USAGE = YES_ERROR;
				CLANG_WARN_EMPTY_BODY = YES;
				CLANG_WARN_ENUM_CONVERSION = YES;
				CLANG_WARN_INT_CONVERSION = YES;
				CLANG_WARN_OBJC_ROOT_CLASS = YES_ERROR;
				CLANG_WARN_UNREACHABLE_CODE = YES;
				CLANG_WARN__DUPLICATE_METHOD_MATCH = YES;
				"CODE_SIGN_IDENTITY[sdk=iphoneos*]" = "iPhone Developer";
				COPY_PHASE_STRIP = NO;
				DEBUG_INFORMATION_FORMAT = dwarf;
				ENABLE_STRICT_OBJC_MSGSEND = YES;
				ENABLE_TESTABILITY = YES;
				GCC_C_LANGUAGE_STANDARD = gnu99;
				GCC_DYNAMIC_NO_PIC = NO;
				GCC_NO_COMMON_BLOCKS = YES;
				GCC_OPTIMIZATION_LEVEL = 0;
				GCC_PREPROCESSOR_DEFINITIONS = (
					"DEBUG=1",
					"$(inherited)",
				);
				GCC_WARN_64_TO_32_BIT_CONVERSION = YES;
				GCC_WARN_ABOUT_RETURN_TYPE = YES_ERROR;
				GCC_WARN_UNDECLARED_SELECTOR = YES;
				GCC_WARN_UNINITIALIZED_AUTOS = YES_AGGRESSIVE;
				GCC_WARN_UNUSED_FUNCTION = YES;
				GCC_WARN_UNUSED_VARIABLE = YES;
				IPHONEOS_DEPLOYMENT_TARGET = 9.3;
				MTL_ENABLE_DEBUG_INFO = YES;
				ONLY_ACTIVE_ARCH = YES;
				SDKROOT = iphoneos;
				SWIFT_OPTIMIZATION_LEVEL = "-Onone";
				TARGETED_DEVICE_FAMILY = "1,2";
			};
			name = Debug;
		};
		040650951D5D050A00B7D415 /* Release */ = {
			isa = XCBuildConfiguration;
			buildSettings = {
				ALWAYS_SEARCH_USER_PATHS = NO;
				CLANG_ANALYZER_NONNULL = YES;
				CLANG_CXX_LANGUAGE_STANDARD = "gnu++0x";
				CLANG_CXX_LIBRARY = "libc++";
				CLANG_ENABLE_MODULES = YES;
				CLANG_ENABLE_OBJC_ARC = YES;
				CLANG_WARN_BOOL_CONVERSION = YES;
				CLANG_WARN_CONSTANT_CONVERSION = YES;
				CLANG_WARN_DIRECT_OBJC_ISA_USAGE = YES_ERROR;
				CLANG_WARN_EMPTY_BODY = YES;
				CLANG_WARN_ENUM_CONVERSION = YES;
				CLANG_WARN_INT_CONVERSION = YES;
				CLANG_WARN_OBJC_ROOT_CLASS = YES_ERROR;
				CLANG_WARN_UNREACHABLE_CODE = YES;
				CLANG_WARN__DUPLICATE_METHOD_MATCH = YES;
				"CODE_SIGN_IDENTITY[sdk=iphoneos*]" = "iPhone Developer";
				COPY_PHASE_STRIP = NO;
				DEBUG_INFORMATION_FORMAT = "dwarf-with-dsym";
				ENABLE_NS_ASSERTIONS = NO;
				ENABLE_STRICT_OBJC_MSGSEND = YES;
				GCC_C_LANGUAGE_STANDARD = gnu99;
				GCC_NO_COMMON_BLOCKS = YES;
				GCC_WARN_64_TO_32_BIT_CONVERSION = YES;
				GCC_WARN_ABOUT_RETURN_TYPE = YES_ERROR;
				GCC_WARN_UNDECLARED_SELECTOR = YES;
				GCC_WARN_UNINITIALIZED_AUTOS = YES_AGGRESSIVE;
				GCC_WARN_UNUSED_FUNCTION = YES;
				GCC_WARN_UNUSED_VARIABLE = YES;
				IPHONEOS_DEPLOYMENT_TARGET = 9.3;
				MTL_ENABLE_DEBUG_INFO = NO;
				SDKROOT = iphoneos;
				TARGETED_DEVICE_FAMILY = "1,2";
				VALIDATE_PRODUCT = YES;
			};
			name = Release;
		};
		040650971D5D050A00B7D415 /* Debug */ = {
			isa = XCBuildConfiguration;
			buildSettings = {
				ASSETCATALOG_COMPILER_APPICON_NAME = AppIcon;
				INFOPLIST_FILE = FontApp/Info.plist;
				LD_RUNPATH_SEARCH_PATHS = "$(inherited) @executable_path/Frameworks";
				PRODUCT_BUNDLE_IDENTIFIER = danya.FontApp;
				PRODUCT_NAME = "$(TARGET_NAME)";
			};
			name = Debug;
		};
		040650981D5D050A00B7D415 /* Release */ = {
			isa = XCBuildConfiguration;
			buildSettings = {
				ASSETCATALOG_COMPILER_APPICON_NAME = AppIcon;
				INFOPLIST_FILE = FontApp/Info.plist;
				LD_RUNPATH_SEARCH_PATHS = "$(inherited) @executable_path/Frameworks";
				PRODUCT_BUNDLE_IDENTIFIER = danya.FontApp;
				PRODUCT_NAME = "$(TARGET_NAME)";
			};
			name = Release;
		};
/* End XCBuildConfiguration section */

/* Begin XCConfigurationList section */
		0406507F1D5D050A00B7D415 /* Build configuration list for PBXProject "FontApp" */ = {
			isa = XCConfigurationList;
			buildConfigurations = (
				040650941D5D050A00B7D415 /* Debug */,
				040650951D5D050A00B7D415 /* Release */,
			);
			defaultConfigurationIsVisible = 0;
			defaultConfigurationName = Release;
		};
		040650961D5D050A00B7D415 /* Build configuration list for PBXNativeTarget "FontApp" */ = {
			isa = XCConfigurationList;
			buildConfigurations = (
				040650971D5D050A00B7D415 /* Debug */,
				040650981D5D050A00B7D415 /* Release */,
			);
			defaultConfigurationIsVisible = 0;
			defaultConfigurationName = Release;
		};
/* End XCConfigurationList section */
	};
	rootObject = 0406507C1D5D050A00B7D415 /* Project object */;
}
